<?xml version="1.0" encoding="utf-8"?>
<Project ToolsVersion="4.0" xmlns="http://schemas.microsoft.com/developer/msbuild/2003">
	<ItemGroup>
		<Filter Include="data">
			<UniqueIdentifier>{49281CBF-303D-4743-B258-605CFCECF098}</UniqueIdentifier>
		</Filter>
	</ItemGroup>
	<ItemGroup>
		<ClCompile Include="Interpolation.cpp" />
	</ItemGroup>
	<ItemGroup>
		<None Include="data\ColorMultUniform.frag">
			<Filter>data</Filter>
		</None>
		<None Include="data\PosColorLocalTransform.vert">
			<Filter>data</Filter>
		</None>
	</ItemGroup>
</Project>
