<?xml version="1.0" encoding="utf-8"?>
<Project ToolsVersion="4.0" xmlns="http://schemas.microsoft.com/developer/msbuild/2003">
	<ItemGroup>
		<Filter Include="data">
			<UniqueIdentifier>{71FA7273-9430-154F-9277-4E269F532900}</UniqueIdentifier>
		</Filter>
	</ItemGroup>
	<ItemGroup>
		<ClCompile Include="Perspective Interpolation.cpp" />
	</ItemGroup>
	<ItemGroup>
		<None Include="data\SmoothVertexColors.vert">
			<Filter>data</Filter>
		</None>
		<None Include="data\SmoothVertexColors.frag">
			<Filter>data</Filter>
		</None>
		<None Include="data\NoCorrectVertexColors.vert">
			<Filter>data</Filter>
		</None>
		<None Include="data\NoCorrectVertexColors.frag">
			<Filter>data</Filter>
		</None>
	</ItemGroup>
</Project>
