<?xml version="1.0" encoding="utf-8"?>
<Project ToolsVersion="4.0" xmlns="http://schemas.microsoft.com/developer/msbuild/2003">
	<ItemGroup>
		<Filter Include="data">
			<UniqueIdentifier>{BD09B759-5D7D-6C4B-9C61-57B2E1CC7D03}</UniqueIdentifier>
		</Filter>
	</ItemGroup>
	<ItemGroup>
		<ClCompile Include="Gamma Checkers.cpp" />
	</ItemGroup>
	<ItemGroup>
		<None Include="data\PT.vert">
			<Filter>data</Filter>
		</None>
		<None Include="data\textureGamma.frag">
			<Filter>data</Filter>
		</None>
		<None Include="data\textureNoGamma.frag">
			<Filter>data</Filter>
		</None>
	</ItemGroup>
</Project>
